// !$*UTF8*$!
{
	archiveVersion = 1;
	classes = {
	};
	objectVersion = 46;
	objects = {

/* Begin PBXBuildFile section */
		6564FC101F697E75001F09A2 /* ZDHeaderView.swift in Sources */ = {isa = PBXBuildFile; fileRef = 6564FC0F1F697E75001F09A2 /* ZDHeaderView.swift */; };
		6564FC121F698AD0001F09A2 /* extention.swift in Sources */ = {isa = PBXBuildFile; fileRef = 6564FC111F698AD0001F09A2 /* extention.swift */; };
		65D82F5F20C3E7AC003A83ED /* person.gif in Resources */ = {isa = PBXBuildFile; fileRef = 65D82F5E20C3E7AC003A83ED /* person.gif */; };
		65F8D1261F5D95FF009522F2 /* AppDelegate.swift in Sources */ = {isa = PBXBuildFile; fileRef = 65F8D1251F5D95FF009522F2 /* AppDelegate.swift */; };
		65F8D1281F5D95FF009522F2 /* ViewController.swift in Sources */ = {isa = PBXBuildFile; fileRef = 65F8D1271F5D95FF009522F2 /* ViewController.swift */; };
		65F8D12B1F5D95FF009522F2 /* Main.storyboard in Resources */ = {isa = PBXBuildFile; fileRef = 65F8D1291F5D95FF009522F2 /* Main.storyboard */; };
		65F8D12D1F5D95FF009522F2 /* Assets.xcassets in Resources */ = {isa = PBXBuildFile; fileRef = 65F8D12C1F5D95FF009522F2 /* Assets.xcassets */; };
		65F8D1301F5D95FF009522F2 /* LaunchScreen.storyboard in Resources */ = {isa = PBXBuildFile; fileRef = 65F8D12E1F5D95FF009522F2 /* LaunchScreen.storyboard */; };
		65F8D13B1F5D95FF009522F2 /* ZDPerson_SwiftTests.swift in Sources */ = {isa = PBXBuildFile; fileRef = 65F8D13A1F5D95FF009522F2 /* ZDPerson_SwiftTests.swift */; };
		65F8D1461F5D95FF009522F2 /* ZDPerson_SwiftUITests.swift in Sources */ = {isa = PBXBuildFile; fileRef = 65F8D1451F5D95FF009522F2 /* ZDPerson_SwiftUITests.swift */; };
		65F8D1541F5D9A1B009522F2 /* ZDPerson.swift in Sources */ = {isa = PBXBuildFile; fileRef = 65F8D1531F5D9A1B009522F2 /* ZDPerson.swift */; };
		65F8D1571F5EDE4A009522F2 /* ZDPersonViewController.swift in Sources */ = {isa = PBXBuildFile; fileRef = 65F8D1561F5EDE4A009522F2 /* ZDPersonViewController.swift */; };
		65F8D1591F5EE9E4009522F2 /* ZDFirstViewController.swift in Sources */ = {isa = PBXBuildFile; fileRef = 65F8D1581F5EE9E4009522F2 /* ZDFirstViewController.swift */; };
		65F8D15B1F5EE9F5009522F2 /* ZDSecondViewController.swift in Sources */ = {isa = PBXBuildFile; fileRef = 65F8D15A1F5EE9F5009522F2 /* ZDSecondViewController.swift */; };
		65F8D15D1F5EEA03009522F2 /* ZDThreeViewController.swift in Sources */ = {isa = PBXBuildFile; fileRef = 65F8D15C1F5EEA03009522F2 /* ZDThreeViewController.swift */; };
		65F8D1601F604640009522F2 /* ZDBaseTableTableViewController.swift in Sources */ = {isa = PBXBuildFile; fileRef = 65F8D15F1F604640009522F2 /* ZDBaseTableTableViewController.swift */; };
/* End PBXBuildFile section */

/* Begin PBXContainerItemProxy section */
		65F8D1371F5D95FF009522F2 /* PBXContainerItemProxy */ = {
			isa = PBXContainerItemProxy;
			containerPortal = 65F8D11A1F5D95FF009522F2 /* Project object */;
			proxyType = 1;
			remoteGlobalIDString = 65F8D1211F5D95FF009522F2;
			remoteInfo = ZDPerson_Swift;
		};
		65F8D1421F5D95FF009522F2 /* PBXContainerItemProxy */ = {
			isa = PBXContainerItemProxy;
			containerPortal = 65F8D11A1F5D95FF009522F2 /* Project object */;
			proxyType = 1;
			remoteGlobalIDString = 65F8D1211F5D95FF009522F2;
			remoteInfo = ZDPerson_Swift;
		};
/* End PBXContainerItemProxy section */

/* Begin PBXFileReference section */
		6564FC0F1F697E75001F09A2 /* ZDHeaderView.swift */ = {isa = PBXFileReference; fileEncoding = 4; lastKnownFileType = sourcecode.swift; path = ZDHeaderView.swift; sourceTree = "<group>"; };
		6564FC111F698AD0001F09A2 /* extention.swift */ = {isa = PBXFileReference; fileEncoding = 4; lastKnownFileType = sourcecode.swift; path = extention.swift; sourceTree = "<group>"; };
		65D82F5E20C3E7AC003A83ED /* person.gif */ = {isa = PBXFileReference; lastKnownFileType = image.gif; path = person.gif; sourceTree = "<group>"; };
		65F8D1221F5D95FF009522F2 /* ZDPerson_Swift.app */ = {isa = PBXFileReference; explicitFileType = wrapper.application; includeInIndex = 0; path = ZDPerson_Swift.app; sourceTree = BUILT_PRODUCTS_DIR; };
		65F8D1251F5D95FF009522F2 /* AppDelegate.swift */ = {isa = PBXFileReference; lastKnownFileType = sourcecode.swift; path = AppDelegate.swift; sourceTree = "<group>"; };
		65F8D1271F5D95FF009522F2 /* ViewController.swift */ = {isa = PBXFileReference; lastKnownFileType = sourcecode.swift; path = ViewController.swift; sourceTree = "<group>"; };
		65F8D12A1F5D95FF009522F2 /* Base */ = {isa = PBXFileReference; lastKnownFileType = file.storyboard; name = Base; path = Base.lproj/Main.storyboard; sourceTree = "<group>"; };
		65F8D12C1F5D95FF009522F2 /* Assets.xcassets */ = {isa = PBXFileReference; lastKnownFileType = folder.assetcatalog; path = Assets.xcassets; sourceTree = "<group>"; };
		65F8D12F1F5D95FF009522F2 /* Base */ = {isa = PBXFileReference; lastKnownFileType = file.storyboard; name = Base; path = Base.lproj/LaunchScreen.storyboard; sourceTree = "<group>"; };
		65F8D1311F5D95FF009522F2 /* Info.plist */ = {isa = PBXFileReference; lastKnownFileType = text.plist.xml; path = Info.plist; sourceTree = "<group>"; };
		65F8D1361F5D95FF009522F2 /* ZDPerson_SwiftTests.xctest */ = {isa = PBXFileReference; explicitFileType = wrapper.cfbundle; includeInIndex = 0; path = ZDPerson_SwiftTests.xctest; sourceTree = BUILT_PRODUCTS_DIR; };
		65F8D13A1F5D95FF009522F2 /* ZDPerson_SwiftTests.swift */ = {isa = PBXFileReference; lastKnownFileType = sourcecode.swift; path = ZDPerson_SwiftTests.swift; sourceTree = "<group>"; };
		65F8D13C1F5D95FF009522F2 /* Info.plist */ = {isa = PBXFileReference; lastKnownFileType = text.plist.xml; path = Info.plist; sourceTree = "<group>"; };
		65F8D1411F5D95FF009522F2 /* ZDPerson_SwiftUITests.xctest */ = {isa = PBXFileReference; explicitFileType = wrapper.cfbundle; includeInIndex = 0; path = ZDPerson_SwiftUITests.xctest; sourceTree = BUILT_PRODUCTS_DIR; };
		65F8D1451F5D95FF009522F2 /* ZDPerson_SwiftUITests.swift */ = {isa = PBXFileReference; lastKnownFileType = sourcecode.swift; path = ZDPerson_SwiftUITests.swift; sourceTree = "<group>"; };
		65F8D1471F5D95FF009522F2 /* Info.plist */ = {isa = PBXFileReference; lastKnownFileType = text.plist.xml; path = Info.plist; sourceTree = "<group>"; };
		65F8D1531F5D9A1B009522F2 /* ZDPerson.swift */ = {isa = PBXFileReference; fileEncoding = 4; lastKnownFileType = sourcecode.swift; path = ZDPerson.swift; sourceTree = "<group>"; };
		65F8D1561F5EDE4A009522F2 /* ZDPersonViewController.swift */ = {isa = PBXFileReference; fileEncoding = 4; lastKnownFileType = sourcecode.swift; path = ZDPersonViewController.swift; sourceTree = "<group>"; };
		65F8D1581F5EE9E4009522F2 /* ZDFirstViewController.swift */ = {isa = PBXFileReference; fileEncoding = 4; lastKnownFileType = sourcecode.swift; path = ZDFirstViewController.swift; sourceTree = "<group>"; };
		65F8D15A1F5EE9F5009522F2 /* ZDSecondViewController.swift */ = {isa = PBXFileReference; fileEncoding = 4; lastKnownFileType = sourcecode.swift; path = ZDSecondViewController.swift; sourceTree = "<group>"; };
		65F8D15C1F5EEA03009522F2 /* ZDThreeViewController.swift */ = {isa = PBXFileReference; fileEncoding = 4; lastKnownFileType = sourcecode.swift; path = ZDThreeViewController.swift; sourceTree = "<group>"; };
		65F8D15F1F604640009522F2 /* ZDBaseTableTableViewController.swift */ = {isa = PBXFileReference; fileEncoding = 4; lastKnownFileType = sourcecode.swift; path = ZDBaseTableTableViewController.swift; sourceTree = "<group>"; };
/* End PBXFileReference section */

/* Begin PBXFrameworksBuildPhase section */
		65F8D11F1F5D95FF009522F2 /* Frameworks */ = {
			isa = PBXFrameworksBuildPhase;
			buildActionMask = 2147483647;
			files = (
			);
			runOnlyForDeploymentPostprocessing = 0;
		};
		65F8D1331F5D95FF009522F2 /* Frameworks */ = {
			isa = PBXFrameworksBuildPhase;
			buildActionMask = 2147483647;
			files = (
			);
			runOnlyForDeploymentPostprocessing = 0;
		};
		65F8D13E1F5D95FF009522F2 /* Frameworks */ = {
			isa = PBXFrameworksBuildPhase;
			buildActionMask = 2147483647;
			files = (
			);
			runOnlyForDeploymentPostprocessing = 0;
		};
/* End PBXFrameworksBuildPhase section */

/* Begin PBXGroup section */
		65F8D1191F5D95FF009522F2 = {
			isa = PBXGroup;
			children = (
				65F8D1241F5D95FF009522F2 /* ZDPerson_Swift */,
				65F8D1391F5D95FF009522F2 /* ZDPerson_SwiftTests */,
				65F8D1441F5D95FF009522F2 /* ZDPerson_SwiftUITests */,
				65F8D1231F5D95FF009522F2 /* Products */,
			);
			sourceTree = "<group>";
		};
		65F8D1231F5D95FF009522F2 /* Products */ = {
			isa = PBXGroup;
			children = (
				65F8D1221F5D95FF009522F2 /* ZDPerson_Swift.app */,
				65F8D1361F5D95FF009522F2 /* ZDPerson_SwiftTests.xctest */,
				65F8D1411F5D95FF009522F2 /* ZDPerson_SwiftUITests.xctest */,
			);
			name = Products;
			sourceTree = "<group>";
		};
		65F8D1241F5D95FF009522F2 /* ZDPerson_Swift */ = {
			isa = PBXGroup;
			children = (
				65F8D15E1F6040ED009522F2 /* Utils */,
				65F8D1551F5EDA4B009522F2 /* Person */,
				65F8D1251F5D95FF009522F2 /* AppDelegate.swift */,
				65F8D1271F5D95FF009522F2 /* ViewController.swift */,
				65F8D1291F5D95FF009522F2 /* Main.storyboard */,
				65F8D12C1F5D95FF009522F2 /* Assets.xcassets */,
				65F8D12E1F5D95FF009522F2 /* LaunchScreen.storyboard */,
				65F8D1311F5D95FF009522F2 /* Info.plist */,
				65F8D1531F5D9A1B009522F2 /* ZDPerson.swift */,
			);
			path = ZDPerson_Swift;
			sourceTree = "<group>";
		};
		65F8D1391F5D95FF009522F2 /* ZDPerson_SwiftTests */ = {
			isa = PBXGroup;
			children = (
				65D82F5E20C3E7AC003A83ED /* person.gif */,
				65F8D13A1F5D95FF009522F2 /* ZDPerson_SwiftTests.swift */,
				65F8D13C1F5D95FF009522F2 /* Info.plist */,
			);
			path = ZDPerson_SwiftTests;
			sourceTree = "<group>";
		};
		65F8D1441F5D95FF009522F2 /* ZDPerson_SwiftUITests */ = {
			isa = PBXGroup;
			children = (
				65F8D1451F5D95FF009522F2 /* ZDPerson_SwiftUITests.swift */,
				65F8D1471F5D95FF009522F2 /* Info.plist */,
			);
			path = ZDPerson_SwiftUITests;
			sourceTree = "<group>";
		};
		65F8D1551F5EDA4B009522F2 /* Person */ = {
			isa = PBXGroup;
			children = (
				65F8D1561F5EDE4A009522F2 /* ZDPersonViewController.swift */,
				65F8D1581F5EE9E4009522F2 /* ZDFirstViewController.swift */,
				65F8D15A1F5EE9F5009522F2 /* ZDSecondViewController.swift */,
				65F8D15C1F5EEA03009522F2 /* ZDThreeViewController.swift */,
				65F8D15F1F604640009522F2 /* ZDBaseTableTableViewController.swift */,
				6564FC0F1F697E75001F09A2 /* ZDHeaderView.swift */,
			);
			path = Person;
			sourceTree = "<group>";
		};
		65F8D15E1F6040ED009522F2 /* Utils */ = {
			isa = PBXGroup;
			children = (
				6564FC111F698AD0001F09A2 /* extention.swift */,
			);
			path = Utils;
			sourceTree = "<group>";
		};
/* End PBXGroup section */

/* Begin PBXNativeTarget section */
		65F8D1211F5D95FF009522F2 /* ZDPerson_Swift */ = {
			isa = PBXNativeTarget;
			buildConfigurationList = 65F8D14A1F5D95FF009522F2 /* Build configuration list for PBXNativeTarget "ZDPerson_Swift" */;
			buildPhases = (
				65F8D11E1F5D95FF009522F2 /* Sources */,
				65F8D11F1F5D95FF009522F2 /* Frameworks */,
				65F8D1201F5D95FF009522F2 /* Resources */,
			);
			buildRules = (
			);
			dependencies = (
			);
			name = ZDPerson_Swift;
			productName = ZDPerson_Swift;
			productReference = 65F8D1221F5D95FF009522F2 /* ZDPerson_Swift.app */;
			productType = "com.apple.product-type.application";
		};
		65F8D1351F5D95FF009522F2 /* ZDPerson_SwiftTests */ = {
			isa = PBXNativeTarget;
			buildConfigurationList = 65F8D14D1F5D95FF009522F2 /* Build configuration list for PBXNativeTarget "ZDPerson_SwiftTests" */;
			buildPhases = (
				65F8D1321F5D95FF009522F2 /* Sources */,
				65F8D1331F5D95FF009522F2 /* Frameworks */,
				65F8D1341F5D95FF009522F2 /* Resources */,
			);
			buildRules = (
			);
			dependencies = (
				65F8D1381F5D95FF009522F2 /* PBXTargetDependency */,
			);
			name = ZDPerson_SwiftTests;
			productName = ZDPerson_SwiftTests;
			productReference = 65F8D1361F5D95FF009522F2 /* ZDPerson_SwiftTests.xctest */;
			productType = "com.apple.product-type.bundle.unit-test";
		};
		65F8D1401F5D95FF009522F2 /* ZDPerson_SwiftUITests */ = {
			isa = PBXNativeTarget;
			buildConfigurationList = 65F8D1501F5D95FF009522F2 /* Build configuration list for PBXNativeTarget "ZDPerson_SwiftUITests" */;
			buildPhases = (
				65F8D13D1F5D95FF009522F2 /* Sources */,
				65F8D13E1F5D95FF009522F2 /* Frameworks */,
				65F8D13F1F5D95FF009522F2 /* Resources */,
			);
			buildRules = (
			);
			dependencies = (
				65F8D1431F5D95FF009522F2 /* PBXTargetDependency */,
			);
			name = ZDPerson_SwiftUITests;
			productName = ZDPerson_SwiftUITests;
			productReference = 65F8D1411F5D95FF009522F2 /* ZDPerson_SwiftUITests.xctest */;
			productType = "com.apple.product-type.bundle.ui-testing";
		};
/* End PBXNativeTarget section */

/* Begin PBXProject section */
		65F8D11A1F5D95FF009522F2 /* Project object */ = {
			isa = PBXProject;
			attributes = {
				LastSwiftUpdateCheck = 0830;
				LastUpgradeCheck = 0900;
				ORGANIZATIONNAME = zdd;
				TargetAttributes = {
					65F8D1211F5D95FF009522F2 = {
						CreatedOnToolsVersion = 8.3.3;
						DevelopmentTeam = GCNZ68XG9E;
						LastSwiftMigration = 0900;
						ProvisioningStyle = Automatic;
					};
					65F8D1351F5D95FF009522F2 = {
						CreatedOnToolsVersion = 8.3.3;
						LastSwiftMigration = 0900;
						ProvisioningStyle = Automatic;
						TestTargetID = 65F8D1211F5D95FF009522F2;
					};
					65F8D1401F5D95FF009522F2 = {
						CreatedOnToolsVersion = 8.3.3;
						LastSwiftMigration = 0900;
						ProvisioningStyle = Automatic;
						TestTargetID = 65F8D1211F5D95FF009522F2;
					};
				};
			};
			buildConfigurationList = 65F8D11D1F5D95FF009522F2 /* Build configuration list for PBXProject "ZDPerson_Swift" */;
			compatibilityVersion = "Xcode 3.2";
			developmentRegion = English;
			hasScannedForEncodings = 0;
			knownRegions = (
				en,
				Base,
			);
			mainGroup = 65F8D1191F5D95FF009522F2;
			productRefGroup = 65F8D1231F5D95FF009522F2 /* Products */;
			projectDirPath = "";
			projectRoot = "";
			targets = (
				65F8D1211F5D95FF009522F2 /* ZDPerson_Swift */,
				65F8D1351F5D95FF009522F2 /* ZDPerson_SwiftTests */,
				65F8D1401F5D95FF009522F2 /* ZDPerson_SwiftUITests */,
			);
		};
/* End PBXProject section */

/* Begin PBXResourcesBuildPhase section */
		65F8D1201F5D95FF009522F2 /* Resources */ = {
			isa = PBXResourcesBuildPhase;
			buildActionMask = 2147483647;
			files = (
				65F8D1301F5D95FF009522F2 /* LaunchScreen.storyboard in Resources */,
				65F8D12D1F5D95FF009522F2 /* Assets.xcassets in Resources */,
				65F8D12B1F5D95FF009522F2 /* Main.storyboard in Resources */,
			);
			runOnlyForDeploymentPostprocessing = 0;
		};
		65F8D1341F5D95FF009522F2 /* Resources */ = {
			isa = PBXResourcesBuildPhase;
			buildActionMask = 2147483647;
			files = (
				65D82F5F20C3E7AC003A83ED /* person.gif in Resources */,
			);
			runOnlyForDeploymentPostprocessing = 0;
		};
		65F8D13F1F5D95FF009522F2 /* Resources */ = {
			isa = PBXResourcesBuildPhase;
			buildActionMask = 2147483647;
			files = (
			);
			runOnlyForDeploymentPostprocessing = 0;
		};
/* End PBXResourcesBuildPhase section */

/* Begin PBXSourcesBuildPhase section */
		65F8D11E1F5D95FF009522F2 /* Sources */ = {
			isa = PBXSourcesBuildPhase;
			buildActionMask = 2147483647;
			files = (
				65F8D1281F5D95FF009522F2 /* ViewController.swift in Sources */,
				65F8D1541F5D9A1B009522F2 /* ZDPerson.swift in Sources */,
				6564FC121F698AD0001F09A2 /* extention.swift in Sources */,
				65F8D15B1F5EE9F5009522F2 /* ZDSecondViewController.swift in Sources */,
				65F8D1261F5D95FF009522F2 /* AppDelegate.swift in Sources */,
				65F8D15D1F5EEA03009522F2 /* ZDThreeViewController.swift in Sources */,
				65F8D1591F5EE9E4009522F2 /* ZDFirstViewController.swift in Sources */,
				65F8D1571F5EDE4A009522F2 /* ZDPersonViewController.swift in Sources */,
				6564FC101F697E75001F09A2 /* ZDHeaderView.swift in Sources */,
				65F8D1601F604640009522F2 /* ZDBaseTableTableViewController.swift in Sources */,
			);
			runOnlyForDeploymentPostprocessing = 0;
		};
		65F8D1321F5D95FF009522F2 /* Sources */ = {
			isa = PBXSourcesBuildPhase;
			buildActionMask = 2147483647;
			files = (
				65F8D13B1F5D95FF009522F2 /* ZDPerson_SwiftTests.swift in Sources */,
			);
			runOnlyForDeploymentPostprocessing = 0;
		};
		65F8D13D1F5D95FF009522F2 /* Sources */ = {
			isa = PBXSourcesBuildPhase;
			buildActionMask = 2147483647;
			files = (
				65F8D1461F5D95FF009522F2 /* ZDPerson_SwiftUITests.swift in Sources */,
			);
			runOnlyForDeploymentPostprocessing = 0;
		};
/* End PBXSourcesBuildPhase section */

/* Begin PBXTargetDependency section */
		65F8D1381F5D95FF009522F2 /* PBXTargetDependency */ = {
			isa = PBXTargetDependency;
			target = 65F8D1211F5D95FF009522F2 /* ZDPerson_Swift */;
			targetProxy = 65F8D1371F5D95FF009522F2 /* PBXContainerItemProxy */;
		};
		65F8D1431F5D95FF009522F2 /* PBXTargetDependency */ = {
			isa = PBXTargetDependency;
			target = 65F8D1211F5D95FF009522F2 /* ZDPerson_Swift */;
			targetProxy = 65F8D1421F5D95FF009522F2 /* PBXContainerItemProxy */;
		};
/* End PBXTargetDependency section */

/* Begin PBXVariantGroup section */
		65F8D1291F5D95FF009522F2 /* Main.storyboard */ = {
			isa = PBXVariantGroup;
			children = (
				65F8D12A1F5D95FF009522F2 /* Base */,
			);
			name = Main.storyboard;
			sourceTree = "<group>";
		};
		65F8D12E1F5D95FF009522F2 /* LaunchScreen.storyboard */ = {
			isa = PBXVariantGroup;
			children = (
				65F8D12F1F5D95FF009522F2 /* Base */,
			);
			name = LaunchScreen.storyboard;
			sourceTree = "<group>";
		};
/* End PBXVariantGroup section */

/* Begin XCBuildConfiguration section */
		65F8D1481F5D95FF009522F2 /* Debug */ = {
			isa = XCBuildConfiguration;
			buildSettings = {
				ALWAYS_SEARCH_USER_PATHS = NO;
				CLANG_ANALYZER_NONNULL = YES;
				CLANG_ANALYZER_NUMBER_OBJECT_CONVERSION = YES_AGGRESSIVE;
				CLANG_CXX_LANGUAGE_STANDARD = "gnu++0x";
				CLANG_CXX_LIBRARY = "libc++";
				CLANG_ENABLE_MODULES = YES;
				CLANG_ENABLE_OBJC_ARC = YES;
				CLANG_WARN_BLOCK_CAPTURE_AUTORELEASING = YES;
				CLANG_WARN_BOOL_CONVERSION = YES;
				CLANG_WARN_COMMA = YES;
				CLANG_WARN_CONSTANT_CONVERSION = YES;
				CLANG_WARN_DIRECT_OBJC_ISA_USAGE = YES_ERROR;
				CLANG_WARN_DOCUMENTATION_COMMENTS = YES;
				CLANG_WARN_EMPTY_BODY = YES;
				CLANG_WARN_ENUM_CONVERSION = YES;
				CLANG_WARN_INFINITE_RECURSION = YES;
				CLANG_WARN_INT_CONVERSION = YES;
				CLANG_WARN_NON_LITERAL_NULL_CONVERSION = YES;
				CLANG_WARN_OBJC_LITERAL_CONVERSION = YES;
				CLANG_WARN_OBJC_ROOT_CLASS = YES_ERROR;
				CLANG_WARN_RANGE_LOOP_ANALYSIS = YES;
				CLANG_WARN_STRICT_PROTOTYPES = YES;
				CLANG_WARN_SUSPICIOUS_MOVE = YES;
				CLANG_WARN_UNREACHABLE_CODE = YES;
				CLANG_WARN__DUPLICATE_METHOD_MATCH = YES;
				"CODE_SIGN_IDENTITY[sdk=iphoneos*]" = "iPhone Developer";
				COPY_PHASE_STRIP = NO;
				DEBUG_INFORMATION_FORMAT = dwarf;
				ENABLE_STRICT_OBJC_MSGSEND = YES;
				ENABLE_TESTABILITY = YES;
				GCC_C_LANGUAGE_STANDARD = gnu99;
				GCC_DYNAMIC_NO_PIC = NO;
				GCC_NO_COMMON_BLOCKS = YES;
				GCC_OPTIMIZATION_LEVEL = 0;
				GCC_PREPROCESSOR_DEFINITIONS = (
					"DEBUG=1",
					"$(inherited)",
				);
				GCC_WARN_64_TO_32_BIT_CONVERSION = YES;
				GCC_WARN_ABOUT_RETURN_TYPE = YES_ERROR;
				GCC_WARN_UNDECLARED_SELECTOR = YES;
				GCC_WARN_UNINITIALIZED_AUTOS = YES_AGGRESSIVE;
				GCC_WARN_UNUSED_FUNCTION = YES;
				GCC_WARN_UNUSED_VARIABLE = YES;
				IPHONEOS_DEPLOYMENT_TARGET = 10.3;
				MTL_ENABLE_DEBUG_INFO = YES;
				ONLY_ACTIVE_ARCH = YES;
				SDKROOT = iphoneos;
				SWIFT_ACTIVE_COMPILATION_CONDITIONS = DEBUG;
				SWIFT_OPTIMIZATION_LEVEL = "-Onone";
				TARGETED_DEVICE_FAMILY = "1,2";
			};
			name = Debug;
		};
		65F8D1491F5D95FF009522F2 /* Release */ = {
			isa = XCBuildConfiguration;
			buildSettings = {
				ALWAYS_SEARCH_USER_PATHS = NO;
				CLANG_ANALYZER_NONNULL = YES;
				CLANG_ANALYZER_NUMBER_OBJECT_CONVERSION = YES_AGGRESSIVE;
				CLANG_CXX_LANGUAGE_STANDARD = "gnu++0x";
				CLANG_CXX_LIBRARY = "libc++";
				CLANG_ENABLE_MODULES = YES;
				CLANG_ENABLE_OBJC_ARC = YES;
				CLANG_WARN_BLOCK_CAPTURE_AUTORELEASING = YES;
				CLANG_WARN_BOOL_CONVERSION = YES;
				CLANG_WARN_COMMA = YES;
				CLANG_WARN_CONSTANT_CONVERSION = YES;
				CLANG_WARN_DIRECT_OBJC_ISA_USAGE = YES_ERROR;
				CLANG_WARN_DOCUMENTATION_COMMENTS = YES;
				CLANG_WARN_EMPTY_BODY = YES;
				CLANG_WARN_ENUM_CONVERSION = YES;
				CLANG_WARN_INFINITE_RECURSION = YES;
				CLANG_WARN_INT_CONVERSION = YES;
				CLANG_WARN_NON_LITERAL_NULL_CONVERSION = YES;
				CLANG_WARN_OBJC_LITERAL_CONVERSION = YES;
				CLANG_WARN_OBJC_ROOT_CLASS = YES_ERROR;
				CLANG_WARN_RANGE_LOOP_ANALYSIS = YES;
				CLANG_WARN_STRICT_PROTOTYPES = YES;
				CLANG_WARN_SUSPICIOUS_MOVE = YES;
				CLANG_WARN_UNREACHABLE_CODE = YES;
				CLANG_WARN__DUPLICATE_METHOD_MATCH = YES;
				"CODE_SIGN_IDENTITY[sdk=iphoneos*]" = "iPhone Developer";
				COPY_PHASE_STRIP = NO;
				DEBUG_INFORMATION_FORMAT = "dwarf-with-dsym";
				ENABLE_NS_ASSERTIONS = NO;
				ENABLE_STRICT_OBJC_MSGSEND = YES;
				GCC_C_LANGUAGE_STANDARD = gnu99;
				GCC_NO_COMMON_BLOCKS = YES;
				GCC_WARN_64_TO_32_BIT_CONVERSION = YES;
				GCC_WARN_ABOUT_RETURN_TYPE = YES_ERROR;
				GCC_WARN_UNDECLARED_SELECTOR = YES;
				GCC_WARN_UNINITIALIZED_AUTOS = YES_AGGRESSIVE;
				GCC_WARN_UNUSED_FUNCTION = YES;
				GCC_WARN_UNUSED_VARIABLE = YES;
				IPHONEOS_DEPLOYMENT_TARGET = 10.3;
				MTL_ENABLE_DEBUG_INFO = NO;
				SDKROOT = iphoneos;
				SWIFT_OPTIMIZATION_LEVEL = "-Owholemodule";
				TARGETED_DEVICE_FAMILY = "1,2";
				VALIDATE_PRODUCT = YES;
			};
			name = Release;
		};
		65F8D14B1F5D95FF009522F2 /* Debug */ = {
			isa = XCBuildConfiguration;
			buildSettings = {
				ASSETCATALOG_COMPILER_APPICON_NAME = AppIcon;
				DEVELOPMENT_TEAM = GCNZ68XG9E;
				INFOPLIST_FILE = ZDPerson_Swift/Info.plist;
				LD_RUNPATH_SEARCH_PATHS = "$(inherited) @executable_path/Frameworks";
				PRODUCT_BUNDLE_IDENTIFIER = "-.ZDPerson-Swift";
				PRODUCT_NAME = "$(TARGET_NAME)";
				SWIFT_SWIFT3_OBJC_INFERENCE = On;
				SWIFT_VERSION = 4.0;
			};
			name = Debug;
		};
		65F8D14C1F5D95FF009522F2 /* Release */ = {
			isa = XCBuildConfiguration;
			buildSettings = {
				ASSETCATALOG_COMPILER_APPICON_NAME = AppIcon;
				DEVELOPMENT_TEAM = GCNZ68XG9E;
				INFOPLIST_FILE = ZDPerson_Swift/Info.plist;
				LD_RUNPATH_SEARCH_PATHS = "$(inherited) @executable_path/Frameworks";
				PRODUCT_BUNDLE_IDENTIFIER = "-.ZDPerson-Swift";
				PRODUCT_NAME = "$(TARGET_NAME)";
				SWIFT_SWIFT3_OBJC_INFERENCE = On;
				SWIFT_VERSION = 4.0;
			};
			name = Release;
		};
		65F8D14E1F5D95FF009522F2 /* Debug */ = {
			isa = XCBuildConfiguration;
			buildSettings = {
				ALWAYS_EMBED_SWIFT_STANDARD_LIBRARIES = YES;
				BUNDLE_LOADER = "$(TEST_HOST)";
				INFOPLIST_FILE = ZDPerson_SwiftTests/Info.plist;
				LD_RUNPATH_SEARCH_PATHS = "$(inherited) @executable_path/Frameworks @loader_path/Frameworks";
				PRODUCT_BUNDLE_IDENTIFIER = "-.ZDPerson-SwiftTests";
				PRODUCT_NAME = "$(TARGET_NAME)";
				SWIFT_SWIFT3_OBJC_INFERENCE = On;
				SWIFT_VERSION = 4.0;
				TEST_HOST = "$(BUILT_PRODUCTS_DIR)/ZDPerson_Swift.app/ZDPerson_Swift";
			};
			name = Debug;
		};
		65F8D14F1F5D95FF009522F2 /* Release */ = {
			isa = XCBuildConfiguration;
			buildSettings = {
				ALWAYS_EMBED_SWIFT_STANDARD_LIBRARIES = YES;
				BUNDLE_LOADER = "$(TEST_HOST)";
				INFOPLIST_FILE = ZDPerson_SwiftTests/Info.plist;
				LD_RUNPATH_SEARCH_PATHS = "$(inherited) @executable_path/Frameworks @loader_path/Frameworks";
				PRODUCT_BUNDLE_IDENTIFIER = "-.ZDPerson-SwiftTests";
				PRODUCT_NAME = "$(TARGET_NAME)";
				SWIFT_SWIFT3_OBJC_INFERENCE = On;
				SWIFT_VERSION = 4.0;
				TEST_HOST = "$(BUILT_PRODUCTS_DIR)/ZDPerson_Swift.app/ZDPerson_Swift";
			};
			name = Release;
		};
		65F8D1511F5D95FF009522F2 /* Debug */ = {
			isa = XCBuildConfiguration;
			buildSettings = {
				ALWAYS_EMBED_SWIFT_STANDARD_LIBRARIES = YES;
				INFOPLIST_FILE = ZDPerson_SwiftUITests/Info.plist;
				LD_RUNPATH_SEARCH_PATHS = "$(inherited) @executable_path/Frameworks @loader_path/Frameworks";
				PRODUCT_BUNDLE_IDENTIFIER = "-.ZDPerson-SwiftUITests";
				PRODUCT_NAME = "$(TARGET_NAME)";
				SWIFT_SWIFT3_OBJC_INFERENCE = On;
				SWIFT_VERSION = 4.0;
				TEST_TARGET_NAME = ZDPerson_Swift;
			};
			name = Debug;
		};
		65F8D1521F5D95FF009522F2 /* Release */ = {
			isa = XCBuildConfiguration;
			buildSettings = {
				ALWAYS_EMBED_SWIFT_STANDARD_LIBRARIES = YES;
				INFOPLIST_FILE = ZDPerson_SwiftUITests/Info.plist;
				LD_RUNPATH_SEARCH_PATHS = "$(inherited) @executable_path/Frameworks @loader_path/Frameworks";
				PRODUCT_BUNDLE_IDENTIFIER = "-.ZDPerson-SwiftUITests";
				PRODUCT_NAME = "$(TARGET_NAME)";
				SWIFT_SWIFT3_OBJC_INFERENCE = On;
				SWIFT_VERSION = 4.0;
				TEST_TARGET_NAME = ZDPerson_Swift;
			};
			name = Release;
		};
/* End XCBuildConfiguration section */

/* Begin XCConfigurationList section */
		65F8D11D1F5D95FF009522F2 /* Build configuration list for PBXProject "ZDPerson_Swift" */ = {
			isa = XCConfigurationList;
			buildConfigurations = (
				65F8D1481F5D95FF009522F2 /* Debug */,
				65F8D1491F5D95FF009522F2 /* Release */,
			);
			defaultConfigurationIsVisible = 0;
			defaultConfigurationName = Release;
		};
		65F8D14A1F5D95FF009522F2 /* Build configuration list for PBXNativeTarget "ZDPerson_Swift" */ = {
			isa = XCConfigurationList;
			buildConfigurations = (
				65F8D14B1F5D95FF009522F2 /* Debug */,
				65F8D14C1F5D95FF009522F2 /* Release */,
			);
			defaultConfigurationIsVisible = 0;
			defaultConfigurationName = Release;
		};
		65F8D14D1F5D95FF009522F2 /* Build configuration list for PBXNativeTarget "ZDPerson_SwiftTests" */ = {
			isa = XCConfigurationList;
			buildConfigurations = (
				65F8D14E1F5D95FF009522F2 /* Debug */,
				65F8D14F1F5D95FF009522F2 /* Release */,
			);
			defaultConfigurationIsVisible = 0;
			defaultConfigurationName = Release;
		};
		65F8D1501F5D95FF009522F2 /* Build configuration list for PBXNativeTarget "ZDPerson_SwiftUITests" */ = {
			isa = XCConfigurationList;
			buildConfigurations = (
				65F8D1511F5D95FF009522F2 /* Debug */,
				65F8D1521F5D95FF009522F2 /* Release */,
			);
			defaultConfigurationIsVisible = 0;
			defaultConfigurationName = Release;
		};
/* End XCConfigurationList section */
	};
	rootObject = 65F8D11A1F5D95FF009522F2 /* Project object */;
}
